
Microsoft Visual Studio Solution File, Format Version 12.00
# Visual Studio Version 17
VisualStudioVersion = 17.10.35013.160
MinimumVisualStudioVersion = 10.0.40219.1
Project("{FAE04EC0-301F-11D3-BF4B-00C04F79EFBC}") = "DailyAdvice", "DailyAdvice.csproj", "{8900E765-0309-4CDF-B132-30F31FDA3EF7}"
EndProject
Global
	GlobalSection(SolutionConfigurationPlatforms) = preSolution
		Debug|Any CPU = Debug|Any CPU
		Release|Any CPU = Release|Any CPU
	EndGlobalSection
	GlobalSection(ProjectConfigurationPlatforms) = postSolution
		{8900E765-0309-4CDF-B132-30F31FDA3EF7}.Debug|Any CPU.ActiveCfg = Debug|Any CPU
		{8900E765-0309-4CDF-B132-30F31FDA3EF7}.Debug|Any CPU.Build.0 = Debug|Any CPU
		{8900E765-0309-4CDF-B132-30F31FDA3EF7}.Release|Any CPU.ActiveCfg = Release|Any CPU
		{8900E765-0309-4CDF-B132-30F31FDA3EF7}.Release|Any CPU.Build.0 = Release|Any CPU
	EndGlobalSection
	GlobalSection(SolutionProperties) = preSolution
		HideSolutionNode = FALSE
	EndGlobalSection
	GlobalSection(ExtensibilityGlobals) = postSolution
		SolutionGuid = {324E3026-9BFD-42C2-B570-E12B095963F5}
	EndGlobalSection
EndGlobal
